{
  "requires": true,
  "lockfileVersion": 1,
  "dependencies": {
    "statsd-backend": {
      "version": "0.0.2",
      "resolved": "https://registry.npmjs.org/statsd-backend/-/statsd-backend-0.0.2.tgz",
      "integrity": "sha1-kDNZq80KTcm9yKJYsllYvEFR0i0=",
      "requires": {
        "statsd-client": ">=0.0.4"
      }
    },
    "statsd-client": {
      "version": "0.4.4",
      "resolved": "https://registry.npmjs.org/statsd-client/-/statsd-client-0.4.4.tgz",
      "integrity": "sha512-GjAReJDNZomTTTaIaDuDddWknHO2GXmXS/9JKy6iQFOHNSQ4yeaRGP18oNgahl+c3XTUfUWBYIUnipznNh5Vww=="
    }
  }
}
